
Microsoft Visual Studio Solution File, Format Version 12.00
# Visual Studio Version 16
VisualStudioVersion = 16.0.30413.136
MinimumVisualStudioVersion = 10.0.40219.1
Project("{FAE04EC0-301F-11D3-BF4B-00C04F79EFBC}") = "XUnitTestCSharp", "XUnitTestCSharp\XUnitTestCSharp.csproj", "{3DD5054F-7D74-42AC-9A00-E6F4FF63CE1C}"
EndProject
Project("{FAE04EC0-301F-11D3-BF4B-00C04F79EFBC}") = "XUnitTestCSharp_Tests", "XUnitTestCSharp_Tests\XUnitTestCSharp_Tests.csproj", "{5E912AA8-FB14-4E5D-A07A-560E5EAC1926}"
EndProject
Global
	GlobalSection(SolutionConfigurationPlatforms) = preSolution
		Debug|Any CPU = Debug|Any CPU
		Release|Any CPU = Release|Any CPU
	EndGlobalSection
	GlobalSection(ProjectConfigurationPlatforms) = postSolution
		{3DD5054F-7D74-42AC-9A00-E6F4FF63CE1C}.Debug|Any CPU.ActiveCfg = Debug|Any CPU
		{3DD5054F-7D74-42AC-9A00-E6F4FF63CE1C}.Debug|Any CPU.Build.0 = Debug|Any CPU
		{3DD5054F-7D74-42AC-9A00-E6F4FF63CE1C}.Release|Any CPU.ActiveCfg = Release|Any CPU
		{3DD5054F-7D74-42AC-9A00-E6F4FF63CE1C}.Release|Any CPU.Build.0 = Release|Any CPU
		{5E912AA8-FB14-4E5D-A07A-560E5EAC1926}.Debug|Any CPU.ActiveCfg = Debug|Any CPU
		{5E912AA8-FB14-4E5D-A07A-560E5EAC1926}.Debug|Any CPU.Build.0 = Debug|Any CPU
		{5E912AA8-FB14-4E5D-A07A-560E5EAC1926}.Release|Any CPU.ActiveCfg = Release|Any CPU
		{5E912AA8-FB14-4E5D-A07A-560E5EAC1926}.Release|Any CPU.Build.0 = Release|Any CPU
	EndGlobalSection
	GlobalSection(SolutionProperties) = preSolution
		HideSolutionNode = FALSE
	EndGlobalSection
	GlobalSection(ExtensibilityGlobals) = postSolution
		SolutionGuid = {70473672-3391-40F6-BCFB-B5276ED22ECC}
	EndGlobalSection
EndGlobal
